
Microsoft Visual Studio Solution File, Format Version 12.00
# Visual Studio Version 17
VisualStudioVersion = 17.1.32414.318
MinimumVisualStudioVersion = 10.0.40219.1
Project("{8BC9CEB8-8B4A-11D0-8D11-00A0C91BC942}") = "Week1", "Week1\Week1.vcxproj", "{3630ACF9-05FD-4E42-B1ED-CD391EC6A10E}"
EndProject
Project("{8BC9CEB8-8B4A-11D0-8D11-00A0C91BC942}") = "Week2", "Week2\Week2.vcxproj", "{62292930-40F6-438B-9545-A018C81A77FA}"
EndProject
Project("{8BC9CEB8-8B4A-11D0-8D11-00A0C91BC942}") = "Week3", "Week3\Week3.vcxproj", "{CF0F17D6-7363-4142-83CD-BF2F3BB36C25}"
EndProject
Project("{8BC9CEB8-8B4A-11D0-8D11-00A0C91BC942}") = "Week4", "Week4\Week4.vcxproj", "{CFA6D740-5F9B-4409-B05E-F75DA8E6A2FF}"
EndProject
Project("{8BC9CEB8-8B4A-11D0-8D11-00A0C91BC942}") = "Week2-Prime", "Week2-Prime\Week2-Prime.vcxproj", "{6C1AC54D-0164-4F5B-876D-8F07CA990DD9}"
EndProject
Project("{8BC9CEB8-8B4A-11D0-8D11-00A0C91BC942}") = "Week3-DiamondRecursive", "Week3-DiamondRecursive\Week3-DiamondRecursive.vcxproj", "{35570245-8E47-4C85-884A-48ED2D4A1AB1}"
EndProject
Project("{8BC9CEB8-8B4A-11D0-8D11-00A0C91BC942}") = "Week6", "Week6\Week6.vcxproj", "{6905852F-B957-4735-B7A2-501C8E007848}"
EndProject
Project("{8BC9CEB8-8B4A-11D0-8D11-00A0C91BC942}") = "Week5Vowels", "Week5Vowels\Week5Vowels.vcxproj", "{09C5C132-CAC2-45B9-AA0F-E8C47330375E}"
EndProject
Project("{8BC9CEB8-8B4A-11D0-8D11-00A0C91BC942}") = "Week6-ReverseSentence", "Week6-ReverseSentence\Week6-ReverseSentence.vcxproj", "{66F1F141-9B80-4E6F-B6D7-F8DF9646B68D}"
EndProject
Global
	GlobalSection(SolutionConfigurationPlatforms) = preSolution
		Debug|Any CPU = Debug|Any CPU
		Debug|x64 = Debug|x64
		Debug|x86 = Debug|x86
		Release|Any CPU = Release|Any CPU
		Release|x64 = Release|x64
		Release|x86 = Release|x86
	EndGlobalSection
	GlobalSection(ProjectConfigurationPlatforms) = postSolution
		{3630ACF9-05FD-4E42-B1ED-CD391EC6A10E}.Debug|Any CPU.ActiveCfg = Debug|x64
		{3630ACF9-05FD-4E42-B1ED-CD391EC6A10E}.Debug|Any CPU.Build.0 = Debug|x64
		{3630ACF9-05FD-4E42-B1ED-CD391EC6A10E}.Debug|x64.ActiveCfg = Debug|x64
		{3630ACF9-05FD-4E42-B1ED-CD391EC6A10E}.Debug|x64.Build.0 = Debug|x64
		{3630ACF9-05FD-4E42-B1ED-CD391EC6A10E}.Debug|x86.ActiveCfg = Debug|Win32
		{3630ACF9-05FD-4E42-B1ED-CD391EC6A10E}.Debug|x86.Build.0 = Debug|Win32
		{3630ACF9-05FD-4E42-B1ED-CD391EC6A10E}.Release|Any CPU.ActiveCfg = Release|x64
		{3630ACF9-05FD-4E42-B1ED-CD391EC6A10E}.Release|Any CPU.Build.0 = Release|x64
		{3630ACF9-05FD-4E42-B1ED-CD391EC6A10E}.Release|x64.ActiveCfg = Release|x64
		{3630ACF9-05FD-4E42-B1ED-CD391EC6A10E}.Release|x64.Build.0 = Release|x64
		{3630ACF9-05FD-4E42-B1ED-CD391EC6A10E}.Release|x86.ActiveCfg = Release|Win32
		{3630ACF9-05FD-4E42-B1ED-CD391EC6A10E}.Release|x86.Build.0 = Release|Win32
		{62292930-40F6-438B-9545-A018C81A77FA}.Debug|Any CPU.ActiveCfg = Debug|x64
		{62292930-40F6-438B-9545-A018C81A77FA}.Debug|Any CPU.Build.0 = Debug|x64
		{62292930-40F6-438B-9545-A018C81A77FA}.Debug|x64.ActiveCfg = Debug|x64
		{62292930-40F6-438B-9545-A018C81A77FA}.Debug|x64.Build.0 = Debug|x64
		{62292930-40F6-438B-9545-A018C81A77FA}.Debug|x86.ActiveCfg = Debug|Win32
		{62292930-40F6-438B-9545-A018C81A77FA}.Debug|x86.Build.0 = Debug|Win32
		{62292930-40F6-438B-9545-A018C81A77FA}.Release|Any CPU.ActiveCfg = Release|x64
		{62292930-40F6-438B-9545-A018C81A77FA}.Release|Any CPU.Build.0 = Release|x64
		{62292930-40F6-438B-9545-A018C81A77FA}.Release|x64.ActiveCfg = Release|x64
		{62292930-40F6-438B-9545-A018C81A77FA}.Release|x64.Build.0 = Release|x64
		{62292930-40F6-438B-9545-A018C81A77FA}.Release|x86.ActiveCfg = Release|Win32
		{62292930-40F6-438B-9545-A018C81A77FA}.Release|x86.Build.0 = Release|Win32
		{CF0F17D6-7363-4142-83CD-BF2F3BB36C25}.Debug|Any CPU.ActiveCfg = Debug|x64
		{CF0F17D6-7363-4142-83CD-BF2F3BB36C25}.Debug|Any CPU.Build.0 = Debug|x64
		{CF0F17D6-7363-4142-83CD-BF2F3BB36C25}.Debug|x64.ActiveCfg = Debug|x64
		{CF0F17D6-7363-4142-83CD-BF2F3BB36C25}.Debug|x64.Build.0 = Debug|x64
		{CF0F17D6-7363-4142-83CD-BF2F3BB36C25}.Debug|x86.ActiveCfg = Debug|Win32
		{CF0F17D6-7363-4142-83CD-BF2F3BB36C25}.Debug|x86.Build.0 = Debug|Win32
		{CF0F17D6-7363-4142-83CD-BF2F3BB36C25}.Release|Any CPU.ActiveCfg = Release|x64
		{CF0F17D6-7363-4142-83CD-BF2F3BB36C25}.Release|Any CPU.Build.0 = Release|x64
		{CF0F17D6-7363-4142-83CD-BF2F3BB36C25}.Release|x64.ActiveCfg = Release|x64
		{CF0F17D6-7363-4142-83CD-BF2F3BB36C25}.Release|x64.Build.0 = Release|x64
		{CF0F17D6-7363-4142-83CD-BF2F3BB36C25}.Release|x86.ActiveCfg = Release|Win32
		{CF0F17D6-7363-4142-83CD-BF2F3BB36C25}.Release|x86.Build.0 = Release|Win32
		{CFA6D740-5F9B-4409-B05E-F75DA8E6A2FF}.Debug|Any CPU.ActiveCfg = Debug|x64
		{CFA6D740-5F9B-4409-B05E-F75DA8E6A2FF}.Debug|Any CPU.Build.0 = Debug|x64
		{CFA6D740-5F9B-4409-B05E-F75DA8E6A2FF}.Debug|x64.ActiveCfg = Debug|x64
		{CFA6D740-5F9B-4409-B05E-F75DA8E6A2FF}.Debug|x64.Build.0 = Debug|x64
		{CFA6D740-5F9B-4409-B05E-F75DA8E6A2FF}.Debug|x86.ActiveCfg = Debug|Win32
		{CFA6D740-5F9B-4409-B05E-F75DA8E6A2FF}.Debug|x86.Build.0 = Debug|Win32
		{CFA6D740-5F9B-4409-B05E-F75DA8E6A2FF}.Release|Any CPU.ActiveCfg = Release|x64
		{CFA6D740-5F9B-4409-B05E-F75DA8E6A2FF}.Release|Any CPU.Build.0 = Release|x64
		{CFA6D740-5F9B-4409-B05E-F75DA8E6A2FF}.Release|x64.ActiveCfg = Release|x64
		{CFA6D740-5F9B-4409-B05E-F75DA8E6A2FF}.Release|x64.Build.0 = Release|x64
		{CFA6D740-5F9B-4409-B05E-F75DA8E6A2FF}.Release|x86.ActiveCfg = Release|Win32
		{CFA6D740-5F9B-4409-B05E-F75DA8E6A2FF}.Release|x86.Build.0 = Release|Win32
		{6C1AC54D-0164-4F5B-876D-8F07CA990DD9}.Debug|Any CPU.ActiveCfg = Debug|x64
		{6C1AC54D-0164-4F5B-876D-8F07CA990DD9}.Debug|Any CPU.Build.0 = Debug|x64
		{6C1AC54D-0164-4F5B-876D-8F07CA990DD9}.Debug|x64.ActiveCfg = Debug|x64
		{6C1AC54D-0164-4F5B-876D-8F07CA990DD9}.Debug|x64.Build.0 = Debug|x64
		{6C1AC54D-0164-4F5B-876D-8F07CA990DD9}.Debug|x86.ActiveCfg = Debug|Win32
		{6C1AC54D-0164-4F5B-876D-8F07CA990DD9}.Debug|x86.Build.0 = Debug|Win32
		{6C1AC54D-0164-4F5B-876D-8F07CA990DD9}.Release|Any CPU.ActiveCfg = Release|x64
		{6C1AC54D-0164-4F5B-876D-8F07CA990DD9}.Release|Any CPU.Build.0 = Release|x64
		{6C1AC54D-0164-4F5B-876D-8F07CA990DD9}.Release|x64.ActiveCfg = Release|x64
		{6C1AC54D-0164-4F5B-876D-8F07CA990DD9}.Release|x64.Build.0 = Release|x64
		{6C1AC54D-0164-4F5B-876D-8F07CA990DD9}.Release|x86.ActiveCfg = Release|Win32
		{6C1AC54D-0164-4F5B-876D-8F07CA990DD9}.Release|x86.Build.0 = Release|Win32
		{35570245-8E47-4C85-884A-48ED2D4A1AB1}.Debug|Any CPU.ActiveCfg = Debug|x64
		{35570245-8E47-4C85-884A-48ED2D4A1AB1}.Debug|Any CPU.Build.0 = Debug|x64
		{35570245-8E47-4C85-884A-48ED2D4A1AB1}.Debug|x64.ActiveCfg = Debug|x64
		{35570245-8E47-4C85-884A-48ED2D4A1AB1}.Debug|x64.Build.0 = Debug|x64
		{35570245-8E47-4C85-884A-48ED2D4A1AB1}.Debug|x86.ActiveCfg = Debug|Win32
		{35570245-8E47-4C85-884A-48ED2D4A1AB1}.Debug|x86.Build.0 = Debug|Win32
		{35570245-8E47-4C85-884A-48ED2D4A1AB1}.Release|Any CPU.ActiveCfg = Release|x64
		{35570245-8E47-4C85-884A-48ED2D4A1AB1}.Release|Any CPU.Build.0 = Release|x64
		{35570245-8E47-4C85-884A-48ED2D4A1AB1}.Release|x64.ActiveCfg = Release|x64
		{35570245-8E47-4C85-884A-48ED2D4A1AB1}.Release|x64.Build.0 = Release|x64
		{35570245-8E47-4C85-884A-48ED2D4A1AB1}.Release|x86.ActiveCfg = Release|Win32
		{35570245-8E47-4C85-884A-48ED2D4A1AB1}.Release|x86.Build.0 = Release|Win32
		{6905852F-B957-4735-B7A2-501C8E007848}.Debug|Any CPU.ActiveCfg = Debug|x64
		{6905852F-B957-4735-B7A2-501C8E007848}.Debug|Any CPU.Build.0 = Debug|x64
		{6905852F-B957-4735-B7A2-501C8E007848}.Debug|x64.ActiveCfg = Debug|x64
		{6905852F-B957-4735-B7A2-501C8E007848}.Debug|x64.Build.0 = Debug|x64
		{6905852F-B957-4735-B7A2-501C8E007848}.Debug|x86.ActiveCfg = Debug|Win32
		{6905852F-B957-4735-B7A2-501C8E007848}.Debug|x86.Build.0 = Debug|Win32
		{6905852F-B957-4735-B7A2-501C8E007848}.Release|Any CPU.ActiveCfg = Release|x64
		{6905852F-B957-4735-B7A2-501C8E007848}.Release|Any CPU.Build.0 = Release|x64
		{6905852F-B957-4735-B7A2-501C8E007848}.Release|x64.ActiveCfg = Release|x64
		{6905852F-B957-4735-B7A2-501C8E007848}.Release|x64.Build.0 = Release|x64
		{6905852F-B957-4735-B7A2-501C8E007848}.Release|x86.ActiveCfg = Release|Win32
		{6905852F-B957-4735-B7A2-501C8E007848}.Release|x86.Build.0 = Release|Win32
		{09C5C132-CAC2-45B9-AA0F-E8C47330375E}.Debug|Any CPU.ActiveCfg = Debug|x64
		{09C5C132-CAC2-45B9-AA0F-E8C47330375E}.Debug|Any CPU.Build.0 = Debug|x64
		{09C5C132-CAC2-45B9-AA0F-E8C47330375E}.Debug|x64.ActiveCfg = Debug|x64
		{09C5C132-CAC2-45B9-AA0F-E8C47330375E}.Debug|x64.Build.0 = Debug|x64
		{09C5C132-CAC2-45B9-AA0F-E8C47330375E}.Debug|x86.ActiveCfg = Debug|Win32
		{09C5C132-CAC2-45B9-AA0F-E8C47330375E}.Debug|x86.Build.0 = Debug|Win32
		{09C5C132-CAC2-45B9-AA0F-E8C47330375E}.Release|Any CPU.ActiveCfg = Release|x64
		{09C5C132-CAC2-45B9-AA0F-E8C47330375E}.Release|Any CPU.Build.0 = Release|x64
		{09C5C132-CAC2-45B9-AA0F-E8C47330375E}.Release|x64.ActiveCfg = Release|x64
		{09C5C132-CAC2-45B9-AA0F-E8C47330375E}.Release|x64.Build.0 = Release|x64
		{09C5C132-CAC2-45B9-AA0F-E8C47330375E}.Release|x86.ActiveCfg = Release|Win32
		{09C5C132-CAC2-45B9-AA0F-E8C47330375E}.Release|x86.Build.0 = Release|Win32
		{66F1F141-9B80-4E6F-B6D7-F8DF9646B68D}.Debug|Any CPU.ActiveCfg = Debug|x64
		{66F1F141-9B80-4E6F-B6D7-F8DF9646B68D}.Debug|Any CPU.Build.0 = Debug|x64
		{66F1F141-9B80-4E6F-B6D7-F8DF9646B68D}.Debug|x64.ActiveCfg = Debug|x64
		{66F1F141-9B80-4E6F-B6D7-F8DF9646B68D}.Debug|x64.Build.0 = Debug|x64
		{66F1F141-9B80-4E6F-B6D7-F8DF9646B68D}.Debug|x86.ActiveCfg = Debug|Win32
		{66F1F141-9B80-4E6F-B6D7-F8DF9646B68D}.Debug|x86.Build.0 = Debug|Win32
		{66F1F141-9B80-4E6F-B6D7-F8DF9646B68D}.Release|Any CPU.ActiveCfg = Release|x64
		{66F1F141-9B80-4E6F-B6D7-F8DF9646B68D}.Release|Any CPU.Build.0 = Release|x64
		{66F1F141-9B80-4E6F-B6D7-F8DF9646B68D}.Release|x64.ActiveCfg = Release|x64
		{66F1F141-9B80-4E6F-B6D7-F8DF9646B68D}.Release|x64.Build.0 = Release|x64
		{66F1F141-9B80-4E6F-B6D7-F8DF9646B68D}.Release|x86.ActiveCfg = Release|Win32
		{66F1F141-9B80-4E6F-B6D7-F8DF9646B68D}.Release|x86.Build.0 = Release|Win32
	EndGlobalSection
	GlobalSection(SolutionProperties) = preSolution
		HideSolutionNode = FALSE
	EndGlobalSection
	GlobalSection(ExtensibilityGlobals) = postSolution
		SolutionGuid = {8591AB8F-EB81-41AA-9B09-1EDD5CDEC9B1}
	EndGlobalSection
EndGlobal
